
Microsoft Visual Studio Solution File, Format Version 12.00
# Visual Studio 15
VisualStudioVersion = 15.0.28307.136
MinimumVisualStudioVersion = 10.0.40219.1
Project("{FAE04EC0-301F-11D3-BF4B-00C04F79EFBC}") = "CalendarioExplorer", "CalendarioExplorer\CalendarioExplorer.csproj", "{310BFCCB-3B5D-4E54-B9CA-07222BE32181}"
EndProject
Global
	GlobalSection(SolutionConfigurationPlatforms) = preSolution
		Debug|Any CPU = Debug|Any CPU
		Release|Any CPU = Release|Any CPU
	EndGlobalSection
	GlobalSection(ProjectConfigurationPlatforms) = postSolution
		{310BFCCB-3B5D-4E54-B9CA-07222BE32181}.Debug|Any CPU.ActiveCfg = Debug|Any CPU
		{310BFCCB-3B5D-4E54-B9CA-07222BE32181}.Debug|Any CPU.Build.0 = Debug|Any CPU
		{310BFCCB-3B5D-4E54-B9CA-07222BE32181}.Release|Any CPU.ActiveCfg = Release|Any CPU
		{310BFCCB-3B5D-4E54-B9CA-07222BE32181}.Release|Any CPU.Build.0 = Release|Any CPU
	EndGlobalSection
	GlobalSection(SolutionProperties) = preSolution
		HideSolutionNode = FALSE
	EndGlobalSection
	GlobalSection(ExtensibilityGlobals) = postSolution
		SolutionGuid = {28D69109-CA40-4C62-91FB-9E45D6B341A5}
	EndGlobalSection
EndGlobal
